
Microsoft Visual Studio Solution File, Format Version 12.00
# Visual Studio Version 17
VisualStudioVersion = 17.5.002.0
MinimumVisualStudioVersion = 10.0.40219.1
Project("{9A19103F-16F7-4668-BE54-9A1E7A4F7556}") = "Embedeasy", "Embedeasy.csproj", "{4B8CB0A0-F63A-417A-9539-13C131C66F83}"
EndProject
Global
	GlobalSection(SolutionConfigurationPlatforms) = preSolution
		Debug|Any CPU = Debug|Any CPU
		Release|Any CPU = Release|Any CPU
	EndGlobalSection
	GlobalSection(ProjectConfigurationPlatforms) = postSolution
		{4B8CB0A0-F63A-417A-9539-13C131C66F83}.Debug|Any CPU.ActiveCfg = Debug|Any CPU
		{4B8CB0A0-F63A-417A-9539-13C131C66F83}.Debug|Any CPU.Build.0 = Debug|Any CPU
		{4B8CB0A0-F63A-417A-9539-13C131C66F83}.Release|Any CPU.ActiveCfg = Release|Any CPU
		{4B8CB0A0-F63A-417A-9539-13C131C66F83}.Release|Any CPU.Build.0 = Release|Any CPU
	EndGlobalSection
	GlobalSection(SolutionProperties) = preSolution
		HideSolutionNode = FALSE
	EndGlobalSection
	GlobalSection(ExtensibilityGlobals) = postSolution
		SolutionGuid = {267EF3C9-A717-4D6A-9F7E-729CA2920083}
	EndGlobalSection
EndGlobal
